// !$*UTF8*$!
{
	archiveVersion = 1;
	classes = {
	};
	objectVersion = 56;
	objects = {

/* Begin PBXBuildFile section */
		3E99F1472BCA8AF800C405BD /* photo_storageApp.swift in Sources */ = {isa = PBXBuildFile; fileRef = 3E99F1462BCA8AF800C405BD /* photo_storageApp.swift */; };
		3E99F14D2BCA8AFB00C405BD /* Assets.xcassets in Resources */ = {isa = PBXBuildFile; fileRef = 3E99F14C2BCA8AFB00C405BD /* Assets.xcassets */; };
		3E99F1502BCA8AFB00C405BD /* Preview Assets.xcassets in Resources */ = {isa = PBXBuildFile; fileRef = 3E99F14F2BCA8AFB00C405BD /* Preview Assets.xcassets */; };
		3E99F15A2BCA8AFC00C405BD /* photo_storageTests.swift in Sources */ = {isa = PBXBuildFile; fileRef = 3E99F1592BCA8AFC00C405BD /* photo_storageTests.swift */; };
		3E99F1642BCA8AFC00C405BD /* photo_storageUITests.swift in Sources */ = {isa = PBXBuildFile; fileRef = 3E99F1632BCA8AFC00C405BD /* photo_storageUITests.swift */; };
		3E99F1662BCA8AFC00C405BD /* photo_storageUITestsLaunchTests.swift in Sources */ = {isa = PBXBuildFile; fileRef = 3E99F1652BCA8AFC00C405BD /* photo_storageUITestsLaunchTests.swift */; };
		3E99F1732BCA960E00C405BD /* GoogleService-Info.plist in Resources */ = {isa = PBXBuildFile; fileRef = 3E99F1722BCA960E00C405BD /* GoogleService-Info.plist */; };
		3E99F1762BCA96DF00C405BD /* FirebaseAppCheck in Frameworks */ = {isa = PBXBuildFile; productRef = 3E99F1752BCA96DF00C405BD /* FirebaseAppCheck */; };
		3E99F1782BCA96DF00C405BD /* FirebaseAppDistribution-Beta in Frameworks */ = {isa = PBXBuildFile; productRef = 3E99F1772BCA96DF00C405BD /* FirebaseAppDistribution-Beta */; };
		3E99F17A2BCA96DF00C405BD /* FirebaseAuth in Frameworks */ = {isa = PBXBuildFile; productRef = 3E99F1792BCA96DF00C405BD /* FirebaseAuth */; };
		3E99F17C2BCA96DF00C405BD /* FirebaseAuthCombine-Community in Frameworks */ = {isa = PBXBuildFile; productRef = 3E99F17B2BCA96DF00C405BD /* FirebaseAuthCombine-Community */; };
		3E99F17E2BCA96DF00C405BD /* FirebaseDatabase in Frameworks */ = {isa = PBXBuildFile; productRef = 3E99F17D2BCA96DF00C405BD /* FirebaseDatabase */; };
		3E99F1802BCA96DF00C405BD /* FirebaseDatabaseSwift in Frameworks */ = {isa = PBXBuildFile; productRef = 3E99F17F2BCA96DF00C405BD /* FirebaseDatabaseSwift */; };
		3E99F1822BCA96DF00C405BD /* FirebaseDynamicLinks in Frameworks */ = {isa = PBXBuildFile; productRef = 3E99F1812BCA96DF00C405BD /* FirebaseDynamicLinks */; };
		3E99F1842BCA96DF00C405BD /* FirebaseFirestore in Frameworks */ = {isa = PBXBuildFile; productRef = 3E99F1832BCA96DF00C405BD /* FirebaseFirestore */; };
		3E99F1862BCA96DF00C405BD /* FirebaseFirestoreCombine-Community in Frameworks */ = {isa = PBXBuildFile; productRef = 3E99F1852BCA96DF00C405BD /* FirebaseFirestoreCombine-Community */; };
		3E99F1882BCA96DF00C405BD /* FirebaseFirestoreSwift in Frameworks */ = {isa = PBXBuildFile; productRef = 3E99F1872BCA96DF00C405BD /* FirebaseFirestoreSwift */; };
		3E99F18A2BCA96DF00C405BD /* FirebaseFunctions in Frameworks */ = {isa = PBXBuildFile; productRef = 3E99F1892BCA96DF00C405BD /* FirebaseFunctions */; };
		3E99F18C2BCA96DF00C405BD /* FirebaseFunctionsCombine-Community in Frameworks */ = {isa = PBXBuildFile; productRef = 3E99F18B2BCA96DF00C405BD /* FirebaseFunctionsCombine-Community */; };
		3E99F18E2BCA96DF00C405BD /* FirebaseInstallations in Frameworks */ = {isa = PBXBuildFile; productRef = 3E99F18D2BCA96DF00C405BD /* FirebaseInstallations */; };
		3E99F1902BCA96DF00C405BD /* FirebaseMessaging in Frameworks */ = {isa = PBXBuildFile; productRef = 3E99F18F2BCA96DF00C405BD /* FirebaseMessaging */; };
		3E99F1922BCA96DF00C405BD /* FirebasePerformance in Frameworks */ = {isa = PBXBuildFile; productRef = 3E99F1912BCA96DF00C405BD /* FirebasePerformance */; };
		3E99F1942BCA96DF00C405BD /* FirebaseRemoteConfig in Frameworks */ = {isa = PBXBuildFile; productRef = 3E99F1932BCA96DF00C405BD /* FirebaseRemoteConfig */; };
		3E99F1962BCA96DF00C405BD /* FirebaseRemoteConfigSwift in Frameworks */ = {isa = PBXBuildFile; productRef = 3E99F1952BCA96DF00C405BD /* FirebaseRemoteConfigSwift */; };
		3E99F1982BCA96DF00C405BD /* FirebaseStorage in Frameworks */ = {isa = PBXBuildFile; productRef = 3E99F1972BCA96DF00C405BD /* FirebaseStorage */; };
		3E99F19A2BCA96DF00C405BD /* FirebaseStorageCombine-Community in Frameworks */ = {isa = PBXBuildFile; productRef = 3E99F1992BCA96DF00C405BD /* FirebaseStorageCombine-Community */; };
		3E99F19D2BCAA99300C405BD /* AuthenticationView.swift in Sources */ = {isa = PBXBuildFile; fileRef = 3E99F19C2BCAA99300C405BD /* AuthenticationView.swift */; };
		3E99F19F2BCAAAA700C405BD /* SignInEmailView.swift in Sources */ = {isa = PBXBuildFile; fileRef = 3E99F19E2BCAAAA700C405BD /* SignInEmailView.swift */; };
		3E99F1A12BCAB6D400C405BD /* AuthenticationManager.swift in Sources */ = {isa = PBXBuildFile; fileRef = 3E99F1A02BCAB6D400C405BD /* AuthenticationManager.swift */; };
		3E99F1A32BCABB3100C405BD /* RootView.swift in Sources */ = {isa = PBXBuildFile; fileRef = 3E99F1A22BCABB3100C405BD /* RootView.swift */; };
		3E99F1A52BCABD5F00C405BD /* SettingView.swift in Sources */ = {isa = PBXBuildFile; fileRef = 3E99F1A42BCABD5F00C405BD /* SettingView.swift */; };
		3E99F1A82BCBA70000C405BD /* MainView.swift in Sources */ = {isa = PBXBuildFile; fileRef = 3E99F1A72BCBA70000C405BD /* MainView.swift */; };
		3E99F1AB2BCBA73C00C405BD /* ImageManager.swift in Sources */ = {isa = PBXBuildFile; fileRef = 3E99F1AA2BCBA73C00C405BD /* ImageManager.swift */; };
		3E99F1AD2BCBD67800C405BD /* ImagePicker.swift in Sources */ = {isa = PBXBuildFile; fileRef = 3E99F1AC2BCBD67800C405BD /* ImagePicker.swift */; };
		3E99F1AF2BCC6A2200C405BD /* GridImageView.swift in Sources */ = {isa = PBXBuildFile; fileRef = 3E99F1AE2BCC6A2200C405BD /* GridImageView.swift */; };
		3EE0214A2BCD235300855270 /* FavoriteView.swift in Sources */ = {isa = PBXBuildFile; fileRef = 3EE021492BCD235300855270 /* FavoriteView.swift */; };
		3EE0214F2BCD583400855270 /* SimpleToast in Frameworks */ = {isa = PBXBuildFile; productRef = 3EE0214E2BCD583400855270 /* SimpleToast */; };
		3EE021512BCD5A7500855270 /* Toast.swift in Sources */ = {isa = PBXBuildFile; fileRef = 3EE021502BCD5A7500855270 /* Toast.swift */; };
/* End PBXBuildFile section */

/* Begin PBXContainerItemProxy section */
		3E99F1562BCA8AFC00C405BD /* PBXContainerItemProxy */ = {
			isa = PBXContainerItemProxy;
			containerPortal = 3E99F13B2BCA8AF800C405BD /* Project object */;
			proxyType = 1;
			remoteGlobalIDString = 3E99F1422BCA8AF800C405BD;
			remoteInfo = "photo-storage";
		};
		3E99F1602BCA8AFC00C405BD /* PBXContainerItemProxy */ = {
			isa = PBXContainerItemProxy;
			containerPortal = 3E99F13B2BCA8AF800C405BD /* Project object */;
			proxyType = 1;
			remoteGlobalIDString = 3E99F1422BCA8AF800C405BD;
			remoteInfo = "photo-storage";
		};
/* End PBXContainerItemProxy section */

/* Begin PBXFileReference section */
		3E99F1432BCA8AF800C405BD /* photo-storage.app */ = {isa = PBXFileReference; explicitFileType = wrapper.application; includeInIndex = 0; path = "photo-storage.app"; sourceTree = BUILT_PRODUCTS_DIR; };
		3E99F1462BCA8AF800C405BD /* photo_storageApp.swift */ = {isa = PBXFileReference; lastKnownFileType = sourcecode.swift; path = photo_storageApp.swift; sourceTree = "<group>"; };
		3E99F14C2BCA8AFB00C405BD /* Assets.xcassets */ = {isa = PBXFileReference; lastKnownFileType = folder.assetcatalog; path = Assets.xcassets; sourceTree = "<group>"; };
		3E99F14F2BCA8AFB00C405BD /* Preview Assets.xcassets */ = {isa = PBXFileReference; lastKnownFileType = folder.assetcatalog; path = "Preview Assets.xcassets"; sourceTree = "<group>"; };
		3E99F1552BCA8AFC00C405BD /* photo-storageTests.xctest */ = {isa = PBXFileReference; explicitFileType = wrapper.cfbundle; includeInIndex = 0; path = "photo-storageTests.xctest"; sourceTree = BUILT_PRODUCTS_DIR; };
		3E99F1592BCA8AFC00C405BD /* photo_storageTests.swift */ = {isa = PBXFileReference; lastKnownFileType = sourcecode.swift; path = photo_storageTests.swift; sourceTree = "<group>"; };
		3E99F15F2BCA8AFC00C405BD /* photo-storageUITests.xctest */ = {isa = PBXFileReference; explicitFileType = wrapper.cfbundle; includeInIndex = 0; path = "photo-storageUITests.xctest"; sourceTree = BUILT_PRODUCTS_DIR; };
		3E99F1632BCA8AFC00C405BD /* photo_storageUITests.swift */ = {isa = PBXFileReference; lastKnownFileType = sourcecode.swift; path = photo_storageUITests.swift; sourceTree = "<group>"; };
		3E99F1652BCA8AFC00C405BD /* photo_storageUITestsLaunchTests.swift */ = {isa = PBXFileReference; lastKnownFileType = sourcecode.swift; path = photo_storageUITestsLaunchTests.swift; sourceTree = "<group>"; };
		3E99F1722BCA960E00C405BD /* GoogleService-Info.plist */ = {isa = PBXFileReference; fileEncoding = 4; lastKnownFileType = text.plist.xml; name = "GoogleService-Info.plist"; path = "../../../../../Downloads/GoogleService-Info.plist"; sourceTree = "<group>"; };
		3E99F19C2BCAA99300C405BD /* AuthenticationView.swift */ = {isa = PBXFileReference; lastKnownFileType = sourcecode.swift; path = AuthenticationView.swift; sourceTree = "<group>"; };
		3E99F19E2BCAAAA700C405BD /* SignInEmailView.swift */ = {isa = PBXFileReference; lastKnownFileType = sourcecode.swift; path = SignInEmailView.swift; sourceTree = "<group>"; };
		3E99F1A02BCAB6D400C405BD /* AuthenticationManager.swift */ = {isa = PBXFileReference; lastKnownFileType = sourcecode.swift; path = AuthenticationManager.swift; sourceTree = "<group>"; };
		3E99F1A22BCABB3100C405BD /* RootView.swift */ = {isa = PBXFileReference; lastKnownFileType = sourcecode.swift; path = RootView.swift; sourceTree = "<group>"; };
		3E99F1A42BCABD5F00C405BD /* SettingView.swift */ = {isa = PBXFileReference; lastKnownFileType = sourcecode.swift; path = SettingView.swift; sourceTree = "<group>"; };
		3E99F1A72BCBA70000C405BD /* MainView.swift */ = {isa = PBXFileReference; lastKnownFileType = sourcecode.swift; path = MainView.swift; sourceTree = "<group>"; };
		3E99F1AA2BCBA73C00C405BD /* ImageManager.swift */ = {isa = PBXFileReference; lastKnownFileType = sourcecode.swift; path = ImageManager.swift; sourceTree = "<group>"; };
		3E99F1AC2BCBD67800C405BD /* ImagePicker.swift */ = {isa = PBXFileReference; lastKnownFileType = sourcecode.swift; path = ImagePicker.swift; sourceTree = "<group>"; };
		3E99F1AE2BCC6A2200C405BD /* GridImageView.swift */ = {isa = PBXFileReference; lastKnownFileType = sourcecode.swift; path = GridImageView.swift; sourceTree = "<group>"; };
		3EE021492BCD235300855270 /* FavoriteView.swift */ = {isa = PBXFileReference; lastKnownFileType = sourcecode.swift; path = FavoriteView.swift; sourceTree = "<group>"; };
		3EE021502BCD5A7500855270 /* Toast.swift */ = {isa = PBXFileReference; lastKnownFileType = sourcecode.swift; path = Toast.swift; sourceTree = "<group>"; };
/* End PBXFileReference section */

/* Begin PBXFrameworksBuildPhase section */
		3E99F1402BCA8AF800C405BD /* Frameworks */ = {
			isa = PBXFrameworksBuildPhase;
			buildActionMask = 2147483647;
			files = (
				3E99F1802BCA96DF00C405BD /* FirebaseDatabaseSwift in Frameworks */,
				3E99F17E2BCA96DF00C405BD /* FirebaseDatabase in Frameworks */,
				3E99F1922BCA96DF00C405BD /* FirebasePerformance in Frameworks */,
				3E99F1902BCA96DF00C405BD /* FirebaseMessaging in Frameworks */,
				3EE0214F2BCD583400855270 /* SimpleToast in Frameworks */,
				3E99F18E2BCA96DF00C405BD /* FirebaseInstallations in Frameworks */,
				3E99F1762BCA96DF00C405BD /* FirebaseAppCheck in Frameworks */,
				3E99F19A2BCA96DF00C405BD /* FirebaseStorageCombine-Community in Frameworks */,
				3E99F1862BCA96DF00C405BD /* FirebaseFirestoreCombine-Community in Frameworks */,
				3E99F1942BCA96DF00C405BD /* FirebaseRemoteConfig in Frameworks */,
				3E99F17A2BCA96DF00C405BD /* FirebaseAuth in Frameworks */,
				3E99F1962BCA96DF00C405BD /* FirebaseRemoteConfigSwift in Frameworks */,
				3E99F1882BCA96DF00C405BD /* FirebaseFirestoreSwift in Frameworks */,
				3E99F1982BCA96DF00C405BD /* FirebaseStorage in Frameworks */,
				3E99F1782BCA96DF00C405BD /* FirebaseAppDistribution-Beta in Frameworks */,
				3E99F1842BCA96DF00C405BD /* FirebaseFirestore in Frameworks */,
				3E99F1822BCA96DF00C405BD /* FirebaseDynamicLinks in Frameworks */,
				3E99F18A2BCA96DF00C405BD /* FirebaseFunctions in Frameworks */,
				3E99F17C2BCA96DF00C405BD /* FirebaseAuthCombine-Community in Frameworks */,
				3E99F18C2BCA96DF00C405BD /* FirebaseFunctionsCombine-Community in Frameworks */,
			);
			runOnlyForDeploymentPostprocessing = 0;
		};
		3E99F1522BCA8AFC00C405BD /* Frameworks */ = {
			isa = PBXFrameworksBuildPhase;
			buildActionMask = 2147483647;
			files = (
			);
			runOnlyForDeploymentPostprocessing = 0;
		};
		3E99F15C2BCA8AFC00C405BD /* Frameworks */ = {
			isa = PBXFrameworksBuildPhase;
			buildActionMask = 2147483647;
			files = (
			);
			runOnlyForDeploymentPostprocessing = 0;
		};
/* End PBXFrameworksBuildPhase section */

/* Begin PBXGroup section */
		3E99F13A2BCA8AF800C405BD = {
			isa = PBXGroup;
			children = (
				3E99F1452BCA8AF800C405BD /* photo-storage */,
				3E99F1582BCA8AFC00C405BD /* photo-storageTests */,
				3E99F1622BCA8AFC00C405BD /* photo-storageUITests */,
				3E99F1442BCA8AF800C405BD /* Products */,
			);
			sourceTree = "<group>";
		};
		3E99F1442BCA8AF800C405BD /* Products */ = {
			isa = PBXGroup;
			children = (
				3E99F1432BCA8AF800C405BD /* photo-storage.app */,
				3E99F1552BCA8AFC00C405BD /* photo-storageTests.xctest */,
				3E99F15F2BCA8AFC00C405BD /* photo-storageUITests.xctest */,
			);
			name = Products;
			sourceTree = "<group>";
		};
		3E99F1452BCA8AF800C405BD /* photo-storage */ = {
			isa = PBXGroup;
			children = (
				3E99F1A92BCBA71D00C405BD /* Api */,
				3E99F1A62BCAE6F500C405BD /* Image */,
				3E99F19B2BCAA96900C405BD /* Authentication */,
				3E99F1462BCA8AF800C405BD /* photo_storageApp.swift */,
				3E99F1A72BCBA70000C405BD /* MainView.swift */,
				3E99F1A22BCABB3100C405BD /* RootView.swift */,
				3E99F1A42BCABD5F00C405BD /* SettingView.swift */,
				3E99F14C2BCA8AFB00C405BD /* Assets.xcassets */,
				3E99F1722BCA960E00C405BD /* GoogleService-Info.plist */,
				3E99F14E2BCA8AFB00C405BD /* Preview Content */,
				3E99F1AC2BCBD67800C405BD /* ImagePicker.swift */,
				3E99F1AE2BCC6A2200C405BD /* GridImageView.swift */,
				3EE021492BCD235300855270 /* FavoriteView.swift */,
				3EE021502BCD5A7500855270 /* Toast.swift */,
			);
			path = "photo-storage";
			sourceTree = "<group>";
		};
		3E99F14E2BCA8AFB00C405BD /* Preview Content */ = {
			isa = PBXGroup;
			children = (
				3E99F14F2BCA8AFB00C405BD /* Preview Assets.xcassets */,
			);
			path = "Preview Content";
			sourceTree = "<group>";
		};
		3E99F1582BCA8AFC00C405BD /* photo-storageTests */ = {
			isa = PBXGroup;
			children = (
				3E99F1592BCA8AFC00C405BD /* photo_storageTests.swift */,
			);
			path = "photo-storageTests";
			sourceTree = "<group>";
		};
		3E99F1622BCA8AFC00C405BD /* photo-storageUITests */ = {
			isa = PBXGroup;
			children = (
				3E99F1632BCA8AFC00C405BD /* photo_storageUITests.swift */,
				3E99F1652BCA8AFC00C405BD /* photo_storageUITestsLaunchTests.swift */,
			);
			path = "photo-storageUITests";
			sourceTree = "<group>";
		};
		3E99F19B2BCAA96900C405BD /* Authentication */ = {
			isa = PBXGroup;
			children = (
				3E99F19C2BCAA99300C405BD /* AuthenticationView.swift */,
				3E99F19E2BCAAAA700C405BD /* SignInEmailView.swift */,
			);
			path = Authentication;
			sourceTree = "<group>";
		};
		3E99F1A62BCAE6F500C405BD /* Image */ = {
			isa = PBXGroup;
			children = (
			);
			path = Image;
			sourceTree = "<group>";
		};
		3E99F1A92BCBA71D00C405BD /* Api */ = {
			isa = PBXGroup;
			children = (
				3E99F1A02BCAB6D400C405BD /* AuthenticationManager.swift */,
				3E99F1AA2BCBA73C00C405BD /* ImageManager.swift */,
			);
			path = Api;
			sourceTree = "<group>";
		};
/* End PBXGroup section */

/* Begin PBXNativeTarget section */
		3E99F1422BCA8AF800C405BD /* photo-storage */ = {
			isa = PBXNativeTarget;
			buildConfigurationList = 3E99F1692BCA8AFC00C405BD /* Build configuration list for PBXNativeTarget "photo-storage" */;
			buildPhases = (
				3E99F13F2BCA8AF800C405BD /* Sources */,
				3E99F1402BCA8AF800C405BD /* Frameworks */,
				3E99F1412BCA8AF800C405BD /* Resources */,
			);
			buildRules = (
			);
			dependencies = (
			);
			name = "photo-storage";
			packageProductDependencies = (
				3E99F1752BCA96DF00C405BD /* FirebaseAppCheck */,
				3E99F1772BCA96DF00C405BD /* FirebaseAppDistribution-Beta */,
				3E99F1792BCA96DF00C405BD /* FirebaseAuth */,
				3E99F17B2BCA96DF00C405BD /* FirebaseAuthCombine-Community */,
				3E99F17D2BCA96DF00C405BD /* FirebaseDatabase */,
				3E99F17F2BCA96DF00C405BD /* FirebaseDatabaseSwift */,
				3E99F1812BCA96DF00C405BD /* FirebaseDynamicLinks */,
				3E99F1832BCA96DF00C405BD /* FirebaseFirestore */,
				3E99F1852BCA96DF00C405BD /* FirebaseFirestoreCombine-Community */,
				3E99F1872BCA96DF00C405BD /* FirebaseFirestoreSwift */,
				3E99F1892BCA96DF00C405BD /* FirebaseFunctions */,
				3E99F18B2BCA96DF00C405BD /* FirebaseFunctionsCombine-Community */,
				3E99F18D2BCA96DF00C405BD /* FirebaseInstallations */,
				3E99F18F2BCA96DF00C405BD /* FirebaseMessaging */,
				3E99F1912BCA96DF00C405BD /* FirebasePerformance */,
				3E99F1932BCA96DF00C405BD /* FirebaseRemoteConfig */,
				3E99F1952BCA96DF00C405BD /* FirebaseRemoteConfigSwift */,
				3E99F1972BCA96DF00C405BD /* FirebaseStorage */,
				3E99F1992BCA96DF00C405BD /* FirebaseStorageCombine-Community */,
				3EE0214E2BCD583400855270 /* SimpleToast */,
			);
			productName = "photo-storage";
			productReference = 3E99F1432BCA8AF800C405BD /* photo-storage.app */;
			productType = "com.apple.product-type.application";
		};
		3E99F1542BCA8AFC00C405BD /* photo-storageTests */ = {
			isa = PBXNativeTarget;
			buildConfigurationList = 3E99F16C2BCA8AFC00C405BD /* Build configuration list for PBXNativeTarget "photo-storageTests" */;
			buildPhases = (
				3E99F1512BCA8AFC00C405BD /* Sources */,
				3E99F1522BCA8AFC00C405BD /* Frameworks */,
				3E99F1532BCA8AFC00C405BD /* Resources */,
			);
			buildRules = (
			);
			dependencies = (
				3E99F1572BCA8AFC00C405BD /* PBXTargetDependency */,
			);
			name = "photo-storageTests";
			productName = "photo-storageTests";
			productReference = 3E99F1552BCA8AFC00C405BD /* photo-storageTests.xctest */;
			productType = "com.apple.product-type.bundle.unit-test";
		};
		3E99F15E2BCA8AFC00C405BD /* photo-storageUITests */ = {
			isa = PBXNativeTarget;
			buildConfigurationList = 3E99F16F2BCA8AFC00C405BD /* Build configuration list for PBXNativeTarget "photo-storageUITests" */;
			buildPhases = (
				3E99F15B2BCA8AFC00C405BD /* Sources */,
				3E99F15C2BCA8AFC00C405BD /* Frameworks */,
				3E99F15D2BCA8AFC00C405BD /* Resources */,
			);
			buildRules = (
			);
			dependencies = (
				3E99F1612BCA8AFC00C405BD /* PBXTargetDependency */,
			);
			name = "photo-storageUITests";
			productName = "photo-storageUITests";
			productReference = 3E99F15F2BCA8AFC00C405BD /* photo-storageUITests.xctest */;
			productType = "com.apple.product-type.bundle.ui-testing";
		};
/* End PBXNativeTarget section */

/* Begin PBXProject section */
		3E99F13B2BCA8AF800C405BD /* Project object */ = {
			isa = PBXProject;
			attributes = {
				BuildIndependentTargetsInParallel = 1;
				LastSwiftUpdateCheck = 1500;
				LastUpgradeCheck = 1500;
				TargetAttributes = {
					3E99F1422BCA8AF800C405BD = {
						CreatedOnToolsVersion = 15.0.1;
					};
					3E99F1542BCA8AFC00C405BD = {
						CreatedOnToolsVersion = 15.0.1;
						TestTargetID = 3E99F1422BCA8AF800C405BD;
					};
					3E99F15E2BCA8AFC00C405BD = {
						CreatedOnToolsVersion = 15.0.1;
						TestTargetID = 3E99F1422BCA8AF800C405BD;
					};
				};
			};
			buildConfigurationList = 3E99F13E2BCA8AF800C405BD /* Build configuration list for PBXProject "photo-storage" */;
			compatibilityVersion = "Xcode 14.0";
			developmentRegion = en;
			hasScannedForEncodings = 0;
			knownRegions = (
				en,
				Base,
			);
			mainGroup = 3E99F13A2BCA8AF800C405BD;
			packageReferences = (
				3E99F1742BCA96DF00C405BD /* XCRemoteSwiftPackageReference "firebase-ios-sdk" */,
				3EE0214D2BCD583400855270 /* XCRemoteSwiftPackageReference "SimpleToast" */,
			);
			productRefGroup = 3E99F1442BCA8AF800C405BD /* Products */;
			projectDirPath = "";
			projectRoot = "";
			targets = (
				3E99F1422BCA8AF800C405BD /* photo-storage */,
				3E99F1542BCA8AFC00C405BD /* photo-storageTests */,
				3E99F15E2BCA8AFC00C405BD /* photo-storageUITests */,
			);
		};
/* End PBXProject section */

/* Begin PBXResourcesBuildPhase section */
		3E99F1412BCA8AF800C405BD /* Resources */ = {
			isa = PBXResourcesBuildPhase;
			buildActionMask = 2147483647;
			files = (
				3E99F1502BCA8AFB00C405BD /* Preview Assets.xcassets in Resources */,
				3E99F14D2BCA8AFB00C405BD /* Assets.xcassets in Resources */,
				3E99F1732BCA960E00C405BD /* GoogleService-Info.plist in Resources */,
			);
			runOnlyForDeploymentPostprocessing = 0;
		};
		3E99F1532BCA8AFC00C405BD /* Resources */ = {
			isa = PBXResourcesBuildPhase;
			buildActionMask = 2147483647;
			files = (
			);
			runOnlyForDeploymentPostprocessing = 0;
		};
		3E99F15D2BCA8AFC00C405BD /* Resources */ = {
			isa = PBXResourcesBuildPhase;
			buildActionMask = 2147483647;
			files = (
			);
			runOnlyForDeploymentPostprocessing = 0;
		};
/* End PBXResourcesBuildPhase section */

/* Begin PBXSourcesBuildPhase section */
		3E99F13F2BCA8AF800C405BD /* Sources */ = {
			isa = PBXSourcesBuildPhase;
			buildActionMask = 2147483647;
			files = (
				3E99F19D2BCAA99300C405BD /* AuthenticationView.swift in Sources */,
				3EE021512BCD5A7500855270 /* Toast.swift in Sources */,
				3E99F1A82BCBA70000C405BD /* MainView.swift in Sources */,
				3E99F1A12BCAB6D400C405BD /* AuthenticationManager.swift in Sources */,
				3E99F1AD2BCBD67800C405BD /* ImagePicker.swift in Sources */,
				3E99F1AB2BCBA73C00C405BD /* ImageManager.swift in Sources */,
				3EE0214A2BCD235300855270 /* FavoriteView.swift in Sources */,
				3E99F1A32BCABB3100C405BD /* RootView.swift in Sources */,
				3E99F1A52BCABD5F00C405BD /* SettingView.swift in Sources */,
				3E99F1472BCA8AF800C405BD /* photo_storageApp.swift in Sources */,
				3E99F1AF2BCC6A2200C405BD /* GridImageView.swift in Sources */,
				3E99F19F2BCAAAA700C405BD /* SignInEmailView.swift in Sources */,
			);
			runOnlyForDeploymentPostprocessing = 0;
		};
		3E99F1512BCA8AFC00C405BD /* Sources */ = {
			isa = PBXSourcesBuildPhase;
			buildActionMask = 2147483647;
			files = (
				3E99F15A2BCA8AFC00C405BD /* photo_storageTests.swift in Sources */,
			);
			runOnlyForDeploymentPostprocessing = 0;
		};
		3E99F15B2BCA8AFC00C405BD /* Sources */ = {
			isa = PBXSourcesBuildPhase;
			buildActionMask = 2147483647;
			files = (
				3E99F1642BCA8AFC00C405BD /* photo_storageUITests.swift in Sources */,
				3E99F1662BCA8AFC00C405BD /* photo_storageUITestsLaunchTests.swift in Sources */,
			);
			runOnlyForDeploymentPostprocessing = 0;
		};
/* End PBXSourcesBuildPhase section */

/* Begin PBXTargetDependency section */
		3E99F1572BCA8AFC00C405BD /* PBXTargetDependency */ = {
			isa = PBXTargetDependency;
			target = 3E99F1422BCA8AF800C405BD /* photo-storage */;
			targetProxy = 3E99F1562BCA8AFC00C405BD /* PBXContainerItemProxy */;
		};
		3E99F1612BCA8AFC00C405BD /* PBXTargetDependency */ = {
			isa = PBXTargetDependency;
			target = 3E99F1422BCA8AF800C405BD /* photo-storage */;
			targetProxy = 3E99F1602BCA8AFC00C405BD /* PBXContainerItemProxy */;
		};
/* End PBXTargetDependency section */

/* Begin XCBuildConfiguration section */
		3E99F1672BCA8AFC00C405BD /* Debug */ = {
			isa = XCBuildConfiguration;
			buildSettings = {
				ALWAYS_SEARCH_USER_PATHS = NO;
				ASSETCATALOG_COMPILER_GENERATE_SWIFT_ASSET_SYMBOL_EXTENSIONS = YES;
				CLANG_ANALYZER_NONNULL = YES;
				CLANG_ANALYZER_NUMBER_OBJECT_CONVERSION = YES_AGGRESSIVE;
				CLANG_CXX_LANGUAGE_STANDARD = "gnu++20";
				CLANG_ENABLE_MODULES = YES;
				CLANG_ENABLE_OBJC_ARC = YES;
				CLANG_ENABLE_OBJC_WEAK = YES;
				CLANG_WARN_BLOCK_CAPTURE_AUTORELEASING = YES;
				CLANG_WARN_BOOL_CONVERSION = YES;
				CLANG_WARN_COMMA = YES;
				CLANG_WARN_CONSTANT_CONVERSION = YES;
				CLANG_WARN_DEPRECATED_OBJC_IMPLEMENTATIONS = YES;
				CLANG_WARN_DIRECT_OBJC_ISA_USAGE = YES_ERROR;
				CLANG_WARN_DOCUMENTATION_COMMENTS = YES;
				CLANG_WARN_EMPTY_BODY = YES;
				CLANG_WARN_ENUM_CONVERSION = YES;
				CLANG_WARN_INFINITE_RECURSION = YES;
				CLANG_WARN_INT_CONVERSION = YES;
				CLANG_WARN_NON_LITERAL_NULL_CONVERSION = YES;
				CLANG_WARN_OBJC_IMPLICIT_RETAIN_SELF = YES;
				CLANG_WARN_OBJC_LITERAL_CONVERSION = YES;
				CLANG_WARN_OBJC_ROOT_CLASS = YES_ERROR;
				CLANG_WARN_QUOTED_INCLUDE_IN_FRAMEWORK_HEADER = YES;
				CLANG_WARN_RANGE_LOOP_ANALYSIS = YES;
				CLANG_WARN_STRICT_PROTOTYPES = YES;
				CLANG_WARN_SUSPICIOUS_MOVE = YES;
				CLANG_WARN_UNGUARDED_AVAILABILITY = YES_AGGRESSIVE;
				CLANG_WARN_UNREACHABLE_CODE = YES;
				CLANG_WARN__DUPLICATE_METHOD_MATCH = YES;
				COPY_PHASE_STRIP = NO;
				DEBUG_INFORMATION_FORMAT = dwarf;
				ENABLE_STRICT_OBJC_MSGSEND = YES;
				ENABLE_TESTABILITY = YES;
				ENABLE_USER_SCRIPT_SANDBOXING = YES;
				GCC_C_LANGUAGE_STANDARD = gnu17;
				GCC_DYNAMIC_NO_PIC = NO;
				GCC_NO_COMMON_BLOCKS = YES;
				GCC_OPTIMIZATION_LEVEL = 0;
				GCC_PREPROCESSOR_DEFINITIONS = (
					"DEBUG=1",
					"$(inherited)",
				);
				GCC_WARN_64_TO_32_BIT_CONVERSION = YES;
				GCC_WARN_ABOUT_RETURN_TYPE = YES_ERROR;
				GCC_WARN_UNDECLARED_SELECTOR = YES;
				GCC_WARN_UNINITIALIZED_AUTOS = YES_AGGRESSIVE;
				GCC_WARN_UNUSED_FUNCTION = YES;
				GCC_WARN_UNUSED_VARIABLE = YES;
				IPHONEOS_DEPLOYMENT_TARGET = 17.0;
				LOCALIZATION_PREFERS_STRING_CATALOGS = YES;
				MTL_ENABLE_DEBUG_INFO = INCLUDE_SOURCE;
				MTL_FAST_MATH = YES;
				ONLY_ACTIVE_ARCH = YES;
				SDKROOT = iphoneos;
				SWIFT_ACTIVE_COMPILATION_CONDITIONS = "DEBUG $(inherited)";
				SWIFT_OPTIMIZATION_LEVEL = "-Onone";
			};
			name = Debug;
		};
		3E99F1682BCA8AFC00C405BD /* Release */ = {
			isa = XCBuildConfiguration;
			buildSettings = {
				ALWAYS_SEARCH_USER_PATHS = NO;
				ASSETCATALOG_COMPILER_GENERATE_SWIFT_ASSET_SYMBOL_EXTENSIONS = YES;
				CLANG_ANALYZER_NONNULL = YES;
				CLANG_ANALYZER_NUMBER_OBJECT_CONVERSION = YES_AGGRESSIVE;
				CLANG_CXX_LANGUAGE_STANDARD = "gnu++20";
				CLANG_ENABLE_MODULES = YES;
				CLANG_ENABLE_OBJC_ARC = YES;
				CLANG_ENABLE_OBJC_WEAK = YES;
				CLANG_WARN_BLOCK_CAPTURE_AUTORELEASING = YES;
				CLANG_WARN_BOOL_CONVERSION = YES;
				CLANG_WARN_COMMA = YES;
				CLANG_WARN_CONSTANT_CONVERSION = YES;
				CLANG_WARN_DEPRECATED_OBJC_IMPLEMENTATIONS = YES;
				CLANG_WARN_DIRECT_OBJC_ISA_USAGE = YES_ERROR;
				CLANG_WARN_DOCUMENTATION_COMMENTS = YES;
				CLANG_WARN_EMPTY_BODY = YES;
				CLANG_WARN_ENUM_CONVERSION = YES;
				CLANG_WARN_INFINITE_RECURSION = YES;
				CLANG_WARN_INT_CONVERSION = YES;
				CLANG_WARN_NON_LITERAL_NULL_CONVERSION = YES;
				CLANG_WARN_OBJC_IMPLICIT_RETAIN_SELF = YES;
				CLANG_WARN_OBJC_LITERAL_CONVERSION = YES;
				CLANG_WARN_OBJC_ROOT_CLASS = YES_ERROR;
				CLANG_WARN_QUOTED_INCLUDE_IN_FRAMEWORK_HEADER = YES;
				CLANG_WARN_RANGE_LOOP_ANALYSIS = YES;
				CLANG_WARN_STRICT_PROTOTYPES = YES;
				CLANG_WARN_SUSPICIOUS_MOVE = YES;
				CLANG_WARN_UNGUARDED_AVAILABILITY = YES_AGGRESSIVE;
				CLANG_WARN_UNREACHABLE_CODE = YES;
				CLANG_WARN__DUPLICATE_METHOD_MATCH = YES;
				COPY_PHASE_STRIP = NO;
				DEBUG_INFORMATION_FORMAT = "dwarf-with-dsym";
				ENABLE_NS_ASSERTIONS = NO;
				ENABLE_STRICT_OBJC_MSGSEND = YES;
				ENABLE_USER_SCRIPT_SANDBOXING = YES;
				GCC_C_LANGUAGE_STANDARD = gnu17;
				GCC_NO_COMMON_BLOCKS = YES;
				GCC_WARN_64_TO_32_BIT_CONVERSION = YES;
				GCC_WARN_ABOUT_RETURN_TYPE = YES_ERROR;
				GCC_WARN_UNDECLARED_SELECTOR = YES;
				GCC_WARN_UNINITIALIZED_AUTOS = YES_AGGRESSIVE;
				GCC_WARN_UNUSED_FUNCTION = YES;
				GCC_WARN_UNUSED_VARIABLE = YES;
				IPHONEOS_DEPLOYMENT_TARGET = 17.0;
				LOCALIZATION_PREFERS_STRING_CATALOGS = YES;
				MTL_ENABLE_DEBUG_INFO = NO;
				MTL_FAST_MATH = YES;
				SDKROOT = iphoneos;
				SWIFT_COMPILATION_MODE = wholemodule;
				VALIDATE_PRODUCT = YES;
			};
			name = Release;
		};
		3E99F16A2BCA8AFC00C405BD /* Debug */ = {
			isa = XCBuildConfiguration;
			buildSettings = {
				ASSETCATALOG_COMPILER_APPICON_NAME = AppIcon;
				ASSETCATALOG_COMPILER_GLOBAL_ACCENT_COLOR_NAME = AccentColor;
				CODE_SIGN_STYLE = Automatic;
				CURRENT_PROJECT_VERSION = 1;
				DEVELOPMENT_ASSET_PATHS = "\"photo-storage/Preview Content\"";
				ENABLE_PREVIEWS = YES;
				GENERATE_INFOPLIST_FILE = YES;
				INFOPLIST_KEY_NSPhotoLibraryUsageDescription = "My app use photo library to save photo";
				INFOPLIST_KEY_UIApplicationSceneManifest_Generation = YES;
				INFOPLIST_KEY_UIApplicationSupportsIndirectInputEvents = YES;
				INFOPLIST_KEY_UILaunchScreen_Generation = YES;
				INFOPLIST_KEY_UISupportedInterfaceOrientations_iPad = "UIInterfaceOrientationPortrait UIInterfaceOrientationPortraitUpsideDown UIInterfaceOrientationLandscapeLeft UIInterfaceOrientationLandscapeRight";
				INFOPLIST_KEY_UISupportedInterfaceOrientations_iPhone = "UIInterfaceOrientationPortrait UIInterfaceOrientationLandscapeLeft UIInterfaceOrientationLandscapeRight";
				LD_RUNPATH_SEARCH_PATHS = (
					"$(inherited)",
					"@executable_path/Frameworks",
				);
				MARKETING_VERSION = 1.0;
				PRODUCT_BUNDLE_IDENTIFIER = "ku.ac.th.photo-storage";
				PRODUCT_NAME = "$(TARGET_NAME)";
				SWIFT_EMIT_LOC_STRINGS = YES;
				SWIFT_VERSION = 5.0;
				TARGETED_DEVICE_FAMILY = "1,2";
			};
			name = Debug;
		};
		3E99F16B2BCA8AFC00C405BD /* Release */ = {
			isa = XCBuildConfiguration;
			buildSettings = {
				ASSETCATALOG_COMPILER_APPICON_NAME = AppIcon;
				ASSETCATALOG_COMPILER_GLOBAL_ACCENT_COLOR_NAME = AccentColor;
				CODE_SIGN_STYLE = Automatic;
				CURRENT_PROJECT_VERSION = 1;
				DEVELOPMENT_ASSET_PATHS = "\"photo-storage/Preview Content\"";
				ENABLE_PREVIEWS = YES;
				GENERATE_INFOPLIST_FILE = YES;
				INFOPLIST_KEY_NSPhotoLibraryUsageDescription = "My app use photo library to save photo";
				INFOPLIST_KEY_UIApplicationSceneManifest_Generation = YES;
				INFOPLIST_KEY_UIApplicationSupportsIndirectInputEvents = YES;
				INFOPLIST_KEY_UILaunchScreen_Generation = YES;
				INFOPLIST_KEY_UISupportedInterfaceOrientations_iPad = "UIInterfaceOrientationPortrait UIInterfaceOrientationPortraitUpsideDown UIInterfaceOrientationLandscapeLeft UIInterfaceOrientationLandscapeRight";
				INFOPLIST_KEY_UISupportedInterfaceOrientations_iPhone = "UIInterfaceOrientationPortrait UIInterfaceOrientationLandscapeLeft UIInterfaceOrientationLandscapeRight";
				LD_RUNPATH_SEARCH_PATHS = (
					"$(inherited)",
					"@executable_path/Frameworks",
				);
				MARKETING_VERSION = 1.0;
				PRODUCT_BUNDLE_IDENTIFIER = "ku.ac.th.photo-storage";
				PRODUCT_NAME = "$(TARGET_NAME)";
				SWIFT_EMIT_LOC_STRINGS = YES;
				SWIFT_VERSION = 5.0;
				TARGETED_DEVICE_FAMILY = "1,2";
			};
			name = Release;
		};
		3E99F16D2BCA8AFC00C405BD /* Debug */ = {
			isa = XCBuildConfiguration;
			buildSettings = {
				ALWAYS_EMBED_SWIFT_STANDARD_LIBRARIES = YES;
				BUNDLE_LOADER = "$(TEST_HOST)";
				CODE_SIGN_STYLE = Automatic;
				CURRENT_PROJECT_VERSION = 1;
				GENERATE_INFOPLIST_FILE = YES;
				IPHONEOS_DEPLOYMENT_TARGET = 17.0;
				MARKETING_VERSION = 1.0;
				PRODUCT_BUNDLE_IDENTIFIER = "ku.ac.th.photo-storageTests";
				PRODUCT_NAME = "$(TARGET_NAME)";
				SWIFT_EMIT_LOC_STRINGS = NO;
				SWIFT_VERSION = 5.0;
				TARGETED_DEVICE_FAMILY = "1,2";
				TEST_HOST = "$(BUILT_PRODUCTS_DIR)/photo-storage.app/$(BUNDLE_EXECUTABLE_FOLDER_PATH)/photo-storage";
			};
			name = Debug;
		};
		3E99F16E2BCA8AFC00C405BD /* Release */ = {
			isa = XCBuildConfiguration;
			buildSettings = {
				ALWAYS_EMBED_SWIFT_STANDARD_LIBRARIES = YES;
				BUNDLE_LOADER = "$(TEST_HOST)";
				CODE_SIGN_STYLE = Automatic;
				CURRENT_PROJECT_VERSION = 1;
				GENERATE_INFOPLIST_FILE = YES;
				IPHONEOS_DEPLOYMENT_TARGET = 17.0;
				MARKETING_VERSION = 1.0;
				PRODUCT_BUNDLE_IDENTIFIER = "ku.ac.th.photo-storageTests";
				PRODUCT_NAME = "$(TARGET_NAME)";
				SWIFT_EMIT_LOC_STRINGS = NO;
				SWIFT_VERSION = 5.0;
				TARGETED_DEVICE_FAMILY = "1,2";
				TEST_HOST = "$(BUILT_PRODUCTS_DIR)/photo-storage.app/$(BUNDLE_EXECUTABLE_FOLDER_PATH)/photo-storage";
			};
			name = Release;
		};
		3E99F1702BCA8AFC00C405BD /* Debug */ = {
			isa = XCBuildConfiguration;
			buildSettings = {
				ALWAYS_EMBED_SWIFT_STANDARD_LIBRARIES = YES;
				CODE_SIGN_STYLE = Automatic;
				CURRENT_PROJECT_VERSION = 1;
				GENERATE_INFOPLIST_FILE = YES;
				MARKETING_VERSION = 1.0;
				PRODUCT_BUNDLE_IDENTIFIER = "ku.ac.th.photo-storageUITests";
				PRODUCT_NAME = "$(TARGET_NAME)";
				SWIFT_EMIT_LOC_STRINGS = NO;
				SWIFT_VERSION = 5.0;
				TARGETED_DEVICE_FAMILY = "1,2";
				TEST_TARGET_NAME = "photo-storage";
			};
			name = Debug;
		};
		3E99F1712BCA8AFC00C405BD /* Release */ = {
			isa = XCBuildConfiguration;
			buildSettings = {
				ALWAYS_EMBED_SWIFT_STANDARD_LIBRARIES = YES;
				CODE_SIGN_STYLE = Automatic;
				CURRENT_PROJECT_VERSION = 1;
				GENERATE_INFOPLIST_FILE = YES;
				MARKETING_VERSION = 1.0;
				PRODUCT_BUNDLE_IDENTIFIER = "ku.ac.th.photo-storageUITests";
				PRODUCT_NAME = "$(TARGET_NAME)";
				SWIFT_EMIT_LOC_STRINGS = NO;
				SWIFT_VERSION = 5.0;
				TARGETED_DEVICE_FAMILY = "1,2";
				TEST_TARGET_NAME = "photo-storage";
			};
			name = Release;
		};
/* End XCBuildConfiguration section */

/* Begin XCConfigurationList section */
		3E99F13E2BCA8AF800C405BD /* Build configuration list for PBXProject "photo-storage" */ = {
			isa = XCConfigurationList;
			buildConfigurations = (
				3E99F1672BCA8AFC00C405BD /* Debug */,
				3E99F1682BCA8AFC00C405BD /* Release */,
			);
			defaultConfigurationIsVisible = 0;
			defaultConfigurationName = Release;
		};
		3E99F1692BCA8AFC00C405BD /* Build configuration list for PBXNativeTarget "photo-storage" */ = {
			isa = XCConfigurationList;
			buildConfigurations = (
				3E99F16A2BCA8AFC00C405BD /* Debug */,
				3E99F16B2BCA8AFC00C405BD /* Release */,
			);
			defaultConfigurationIsVisible = 0;
			defaultConfigurationName = Release;
		};
		3E99F16C2BCA8AFC00C405BD /* Build configuration list for PBXNativeTarget "photo-storageTests" */ = {
			isa = XCConfigurationList;
			buildConfigurations = (
				3E99F16D2BCA8AFC00C405BD /* Debug */,
				3E99F16E2BCA8AFC00C405BD /* Release */,
			);
			defaultConfigurationIsVisible = 0;
			defaultConfigurationName = Release;
		};
		3E99F16F2BCA8AFC00C405BD /* Build configuration list for PBXNativeTarget "photo-storageUITests" */ = {
			isa = XCConfigurationList;
			buildConfigurations = (
				3E99F1702BCA8AFC00C405BD /* Debug */,
				3E99F1712BCA8AFC00C405BD /* Release */,
			);
			defaultConfigurationIsVisible = 0;
			defaultConfigurationName = Release;
		};
/* End XCConfigurationList section */

/* Begin XCRemoteSwiftPackageReference section */
		3E99F1742BCA96DF00C405BD /* XCRemoteSwiftPackageReference "firebase-ios-sdk" */ = {
			isa = XCRemoteSwiftPackageReference;
			repositoryURL = "https://github.com/firebase/firebase-ios-sdk";
			requirement = {
				kind = upToNextMajorVersion;
				minimumVersion = 10.24.0;
			};
		};
		3EE0214D2BCD583400855270 /* XCRemoteSwiftPackageReference "SimpleToast" */ = {
			isa = XCRemoteSwiftPackageReference;
			repositoryURL = "https://github.com/sanzaru/SimpleToast.git";
			requirement = {
				kind = upToNextMajorVersion;
				minimumVersion = 0.8.1;
			};
		};
/* End XCRemoteSwiftPackageReference section */

/* Begin XCSwiftPackageProductDependency section */
		3E99F1752BCA96DF00C405BD /* FirebaseAppCheck */ = {
			isa = XCSwiftPackageProductDependency;
			package = 3E99F1742BCA96DF00C405BD /* XCRemoteSwiftPackageReference "firebase-ios-sdk" */;
			productName = FirebaseAppCheck;
		};
		3E99F1772BCA96DF00C405BD /* FirebaseAppDistribution-Beta */ = {
			isa = XCSwiftPackageProductDependency;
			package = 3E99F1742BCA96DF00C405BD /* XCRemoteSwiftPackageReference "firebase-ios-sdk" */;
			productName = "FirebaseAppDistribution-Beta";
		};
		3E99F1792BCA96DF00C405BD /* FirebaseAuth */ = {
			isa = XCSwiftPackageProductDependency;
			package = 3E99F1742BCA96DF00C405BD /* XCRemoteSwiftPackageReference "firebase-ios-sdk" */;
			productName = FirebaseAuth;
		};
		3E99F17B2BCA96DF00C405BD /* FirebaseAuthCombine-Community */ = {
			isa = XCSwiftPackageProductDependency;
			package = 3E99F1742BCA96DF00C405BD /* XCRemoteSwiftPackageReference "firebase-ios-sdk" */;
			productName = "FirebaseAuthCombine-Community";
		};
		3E99F17D2BCA96DF00C405BD /* FirebaseDatabase */ = {
			isa = XCSwiftPackageProductDependency;
			package = 3E99F1742BCA96DF00C405BD /* XCRemoteSwiftPackageReference "firebase-ios-sdk" */;
			productName = FirebaseDatabase;
		};
		3E99F17F2BCA96DF00C405BD /* FirebaseDatabaseSwift */ = {
			isa = XCSwiftPackageProductDependency;
			package = 3E99F1742BCA96DF00C405BD /* XCRemoteSwiftPackageReference "firebase-ios-sdk" */;
			productName = FirebaseDatabaseSwift;
		};
		3E99F1812BCA96DF00C405BD /* FirebaseDynamicLinks */ = {
			isa = XCSwiftPackageProductDependency;
			package = 3E99F1742BCA96DF00C405BD /* XCRemoteSwiftPackageReference "firebase-ios-sdk" */;
			productName = FirebaseDynamicLinks;
		};
		3E99F1832BCA96DF00C405BD /* FirebaseFirestore */ = {
			isa = XCSwiftPackageProductDependency;
			package = 3E99F1742BCA96DF00C405BD /* XCRemoteSwiftPackageReference "firebase-ios-sdk" */;
			productName = FirebaseFirestore;
		};
		3E99F1852BCA96DF00C405BD /* FirebaseFirestoreCombine-Community */ = {
			isa = XCSwiftPackageProductDependency;
			package = 3E99F1742BCA96DF00C405BD /* XCRemoteSwiftPackageReference "firebase-ios-sdk" */;
			productName = "FirebaseFirestoreCombine-Community";
		};
		3E99F1872BCA96DF00C405BD /* FirebaseFirestoreSwift */ = {
			isa = XCSwiftPackageProductDependency;
			package = 3E99F1742BCA96DF00C405BD /* XCRemoteSwiftPackageReference "firebase-ios-sdk" */;
			productName = FirebaseFirestoreSwift;
		};
		3E99F1892BCA96DF00C405BD /* FirebaseFunctions */ = {
			isa = XCSwiftPackageProductDependency;
			package = 3E99F1742BCA96DF00C405BD /* XCRemoteSwiftPackageReference "firebase-ios-sdk" */;
			productName = FirebaseFunctions;
		};
		3E99F18B2BCA96DF00C405BD /* FirebaseFunctionsCombine-Community */ = {
			isa = XCSwiftPackageProductDependency;
			package = 3E99F1742BCA96DF00C405BD /* XCRemoteSwiftPackageReference "firebase-ios-sdk" */;
			productName = "FirebaseFunctionsCombine-Community";
		};
		3E99F18D2BCA96DF00C405BD /* FirebaseInstallations */ = {
			isa = XCSwiftPackageProductDependency;
			package = 3E99F1742BCA96DF00C405BD /* XCRemoteSwiftPackageReference "firebase-ios-sdk" */;
			productName = FirebaseInstallations;
		};
		3E99F18F2BCA96DF00C405BD /* FirebaseMessaging */ = {
			isa = XCSwiftPackageProductDependency;
			package = 3E99F1742BCA96DF00C405BD /* XCRemoteSwiftPackageReference "firebase-ios-sdk" */;
			productName = FirebaseMessaging;
		};
		3E99F1912BCA96DF00C405BD /* FirebasePerformance */ = {
			isa = XCSwiftPackageProductDependency;
			package = 3E99F1742BCA96DF00C405BD /* XCRemoteSwiftPackageReference "firebase-ios-sdk" */;
			productName = FirebasePerformance;
		};
		3E99F1932BCA96DF00C405BD /* FirebaseRemoteConfig */ = {
			isa = XCSwiftPackageProductDependency;
			package = 3E99F1742BCA96DF00C405BD /* XCRemoteSwiftPackageReference "firebase-ios-sdk" */;
			productName = FirebaseRemoteConfig;
		};
		3E99F1952BCA96DF00C405BD /* FirebaseRemoteConfigSwift */ = {
			isa = XCSwiftPackageProductDependency;
			package = 3E99F1742BCA96DF00C405BD /* XCRemoteSwiftPackageReference "firebase-ios-sdk" */;
			productName = FirebaseRemoteConfigSwift;
		};
		3E99F1972BCA96DF00C405BD /* FirebaseStorage */ = {
			isa = XCSwiftPackageProductDependency;
			package = 3E99F1742BCA96DF00C405BD /* XCRemoteSwiftPackageReference "firebase-ios-sdk" */;
			productName = FirebaseStorage;
		};
		3E99F1992BCA96DF00C405BD /* FirebaseStorageCombine-Community */ = {
			isa = XCSwiftPackageProductDependency;
			package = 3E99F1742BCA96DF00C405BD /* XCRemoteSwiftPackageReference "firebase-ios-sdk" */;
			productName = "FirebaseStorageCombine-Community";
		};
		3EE0214E2BCD583400855270 /* SimpleToast */ = {
			isa = XCSwiftPackageProductDependency;
			package = 3EE0214D2BCD583400855270 /* XCRemoteSwiftPackageReference "SimpleToast" */;
			productName = SimpleToast;
		};
/* End XCSwiftPackageProductDependency section */
	};
	rootObject = 3E99F13B2BCA8AF800C405BD /* Project object */;
}
